{
  "originHash" : "983a4b32a24a8e18db42e389cc858c4f7bced0cf17abddf3a882fdb3b8788289",
  "pins" : [
    {
      "identity" : "eventsource",
      "kind" : "remoteSourceControl",
      "location" : "https://github.com/mattt/eventsource.git",
      "state" : {
        "revision" : "a3a85a85214caf642abaa96ae664e4c772a59f6e",
        "version" : "1.4.1"
      }
    },
    {
      "identity" : "jsonschema",
      "kind" : "remoteSourceControl",
      "location" : "https://github.com/mattt/JSONSchema.git",
      "state" : {
        "revision" : "4c6f2467d5bc72b062c7a9b7e4cd77a09635ea8b",
        "version" : "1.3.1"
      }
    },
    {
      "identity" : "openfoundationmodels",
      "kind" : "remoteSourceControl",
      "location" : "https://github.com/1amageek/OpenFoundationModels.git",
      "state" : {
        "revision" : "be5548fa184c61b0c06b8601a4e63e6393af65b9",
        "version" : "1.18.0"
      }
    },
    {
      "identity" : "swift-argument-parser",
      "kind" : "remoteSourceControl",
      "location" : "https://github.com/apple/swift-argument-parser.git",
      "state" : {
        "revision" : "6a52f3251125d74daf04fcbd5e6f08a75d074382",
        "version" : "1.8.2"
      }
    },
    {
      "identity" : "swift-async-algorithms",
      "kind" : "remoteSourceControl",
      "location" : "https://github.com/apple/swift-async-algorithms.git",
      "state" : {
        "revision" : "9d349bcc328ac3c31ce40e746b5882742a0d1272",
        "version" : "1.1.3"
      }
    },
    {
      "identity" : "swift-atomics",
      "kind" : "remoteSourceControl",
      "location" : "https://github.com/apple/swift-atomics.git",
      "state" : {
        "revision" : "b601256eab081c0f92f059e12818ac1d4f178ff7",
        "version" : "1.3.0"
      }
    },
    {
      "identity" : "swift-collections",
      "kind" : "remoteSourceControl",
      "location" : "https://github.com/apple/swift-collections.git",
      "state" : {
        "revision" : "6675bc0ff86e61436e615df6fc5174e043e57924",
        "version" : "1.4.1"
      }
    },
    {
      "identity" : "swift-crypto",
      "kind" : "remoteSourceControl",
      "location" : "https://github.com/1amageek/swift-crypto.git",
      "state" : {
        "revision" : "18c5cc1698275eaffc1e77f79bb1d9eb6308d970",
        "version" : "4.5.4"
      }
    },
    {
      "identity" : "swift-distributed-tracing",
      "kind" : "remoteSourceControl",
      "location" : "https://github.com/apple/swift-distributed-tracing.git",
      "state" : {
        "revision" : "dc4030184203ffafbb2ec614352487235d747fe0",
        "version" : "1.4.1"
      }
    },
    {
      "identity" : "swift-docc-plugin",
      "kind" : "remoteSourceControl",
      "location" : "https://github.com/swiftlang/swift-docc-plugin.git",
      "state" : {
        "revision" : "647c708be89f834fa6a6d4945442793a77ddf5b6",
        "version" : "1.5.0"
      }
    },
    {
      "identity" : "swift-docc-symbolkit",
      "kind" : "remoteSourceControl",
      "location" : "https://github.com/swiftlang/swift-docc-symbolkit",
      "state" : {
        "revision" : "b45d1f2ed151d057b54504d653e0da5552844e34",
        "version" : "1.0.0"
      }
    },
    {
      "identity" : "swift-generation",
      "kind" : "remoteSourceControl",
      "location" : "https://github.com/1amageek/swift-generation.git",
      "state" : {
        "revision" : "396f4301404dfa7837cd221b2098d10f09ac2fb3",
        "version" : "0.5.0"
      }
    },
    {
      "identity" : "swift-libp2p",
      "kind" : "remoteSourceControl",
      "location" : "https://github.com/1amageek/swift-libp2p.git",
      "state" : {
        "revision" : "0851ac2356a5d31fe07a10f93ff4188bb3c3d357",
        "version" : "0.5.0"
      }
    },
    {
      "identity" : "swift-log",
      "kind" : "remoteSourceControl",
      "location" : "https://github.com/apple/swift-log.git",
      "state" : {
        "revision" : "3ffafb9722d5d918c614feb496c8789a3b59d222",
        "version" : "1.15.0"
      }
    },
    {
      "identity" : "swift-mdns",
      "kind" : "remoteSourceControl",
      "location" : "https://github.com/1amageek/swift-mDNS.git",
      "state" : {
        "revision" : "ed2f125c92e8de7e4302cd051a48cc35d02fe83d",
        "version" : "2.0.0"
      }
    },
    {
      "identity" : "swift-metrics",
      "kind" : "remoteSourceControl",
      "location" : "https://github.com/apple/swift-metrics.git",
      "state" : {
        "revision" : "087e8074afa97040c3b870c8664fe5482fb87cc4",
        "version" : "2.11.0"
      }
    },
    {
      "identity" : "swift-networking",
      "kind" : "remoteSourceControl",
      "location" : "https://github.com/1amageek/swift-networking.git",
      "state" : {
        "revision" : "c5da46c2ab2fd1244b40a208cd1fa406ead43dca",
        "version" : "0.1.0"
      }
    },
    {
      "identity" : "swift-nio",
      "kind" : "remoteSourceControl",
      "location" : "https://github.com/apple/swift-nio.git",
      "state" : {
        "revision" : "0b18836bd8b0162e7e17a995a3fbee20ed8f3b2b",
        "version" : "2.101.3"
      }
    },
    {
      "identity" : "swift-nio-udp",
      "kind" : "remoteSourceControl",
      "location" : "https://github.com/1amageek/swift-nio-udp.git",
      "state" : {
        "revision" : "ba5875d1fd2930dcbc2b1bd45cf96379800a71a5",
        "version" : "1.1.5"
      }
    },
    {
      "identity" : "swift-peer-connectivity",
      "kind" : "remoteSourceControl",
      "location" : "https://github.com/1amageek/swift-peer-connectivity.git",
      "state" : {
        "revision" : "04aaa3e76da43e869a3b19a4d72e23ec3cb2d56b",
        "version" : "0.3.0"
      }
    },
    {
      "identity" : "swift-quic",
      "kind" : "remoteSourceControl",
      "location" : "https://github.com/1amageek/swift-quic.git",
      "state" : {
        "revision" : "2368f5e1d5148c25d3cf4e7fb414df1467491677",
        "version" : "2.0.2"
      }
    },
    {
      "identity" : "swift-sdk",
      "kind" : "remoteSourceControl",
      "location" : "https://github.com/modelcontextprotocol/swift-sdk.git",
      "state" : {
        "revision" : "a0ae212ebf6eab5f754c3129608bc5557637e605",
        "version" : "0.12.1"
      }
    },
    {
      "identity" : "swift-service-context",
      "kind" : "remoteSourceControl",
      "location" : "https://github.com/apple/swift-service-context.git",
      "state" : {
        "revision" : "d0997351b0c7779017f88e7a93bc30a1878d7f29",
        "version" : "1.3.0"
      }
    },
    {
      "identity" : "swift-skills",
      "kind" : "remoteSourceControl",
      "location" : "https://github.com/1amageek/swift-skills.git",
      "state" : {
        "revision" : "61c4bda16cb04d7e7fa54623c19297833c720bda",
        "version" : "0.2.1"
      }
    },
    {
      "identity" : "swift-ssl",
      "kind" : "remoteSourceControl",
      "location" : "https://github.com/1amageek/swift-ssl.git",
      "state" : {
        "revision" : "fe5e2f27c2020027d9c463a91a94065534ecff71",
        "version" : "0.3.0"
      }
    },
    {
      "identity" : "swift-swim",
      "kind" : "remoteSourceControl",
      "location" : "https://github.com/1amageek/swift-SWIM.git",
      "state" : {
        "revision" : "27cbfc47fd2570aa79c5976ae5f842bf99e48073",
        "version" : "2.0.0"
      }
    },
    {
      "identity" : "swift-syntax",
      "kind" : "remoteSourceControl",
      "location" : "https://github.com/swiftlang/swift-syntax.git",
      "state" : {
        "revision" : "4799286537280063c85a32f09884cfbca301b1a1",
        "version" : "602.0.0"
      }
    },
    {
      "identity" : "swift-system",
      "kind" : "remoteSourceControl",
      "location" : "https://github.com/apple/swift-system.git",
      "state" : {
        "revision" : "869129b7bf4ecc57b97d0193ad29690ca2134750",
        "version" : "1.8.1"
      }
    },
    {
      "identity" : "swift-tls",
      "kind" : "remoteSourceControl",
      "location" : "https://github.com/1amageek/swift-tls.git",
      "state" : {
        "revision" : "42fdc979477fcff7189515deda9ef3bc7dac1c66",
        "version" : "2.0.1"
      }
    },
    {
      "identity" : "swift-webrtc",
      "kind" : "remoteSourceControl",
      "location" : "https://github.com/1amageek/swift-webrtc.git",
      "state" : {
        "revision" : "f35ac95e4e743b1fb6be50c184e7d3691ef7ddb1",
        "version" : "3.0.0"
      }
    },
    {
      "identity" : "swift-yaml",
      "kind" : "remoteSourceControl",
      "location" : "https://github.com/1amageek/swift-yaml.git",
      "state" : {
        "revision" : "8a33d36bca390d9518d5f7e483cbbaa011da5f76",
        "version" : "1.0.1"
      }
    }
  ],
  "version" : 3
}
